{
  "requires": true,
  "lockfileVersion": 1,
  "dependencies": {
    "knacss": {
      "version": "7.1.0",
      "resolved": "https://registry.npmjs.org/knacss/-/knacss-7.1.0.tgz",
      "integrity": "sha512-X9OIYcWj9wqqdx/UPJHqYjrmDSXi7Ps+TeCG8WGvPLietPfgoWQUkR23LJdpK9QDJaWzhxKGT4AKdqrBsEerDQ=="
    }
  }
}
